// !$*UTF8*$!
{
	archiveVersion = 1;
	classes = {
	};
	objectVersion = 56;
	objects = {

/* Begin PBXBuildFile section */
		5B287E712C6C84F5002A8BE0 /* SwiftDataSample2App.swift in Sources */ = {isa = PBXBuildFile; fileRef = 5B287E702C6C84F5002A8BE0 /* SwiftDataSample2App.swift */; };
		5B287E732C6C84F5002A8BE0 /* ContentView.swift in Sources */ = {isa = PBXBuildFile; fileRef = 5B287E722C6C84F5002A8BE0 /* ContentView.swift */; };
		5B287E752C6C84F9002A8BE0 /* Assets.xcassets in Resources */ = {isa = PBXBuildFile; fileRef = 5B287E742C6C84F9002A8BE0 /* Assets.xcassets */; };
		5B287E782C6C84F9002A8BE0 /* Preview Assets.xcassets in Resources */ = {isa = PBXBuildFile; fileRef = 5B287E772C6C84F9002A8BE0 /* Preview Assets.xcassets */; };
		5B287E822C6C84FA002A8BE0 /* SwiftDataSample2Tests.swift in Sources */ = {isa = PBXBuildFile; fileRef = 5B287E812C6C84FA002A8BE0 /* SwiftDataSample2Tests.swift */; };
		5B287E8C2C6C84FA002A8BE0 /* SwiftDataSample2UITests.swift in Sources */ = {isa = PBXBuildFile; fileRef = 5B287E8B2C6C84FA002A8BE0 /* SwiftDataSample2UITests.swift */; };
		5B287E8E2C6C84FA002A8BE0 /* SwiftDataSample2UITestsLaunchTests.swift in Sources */ = {isa = PBXBuildFile; fileRef = 5B287E8D2C6C84FA002A8BE0 /* SwiftDataSample2UITestsLaunchTests.swift */; };
		5B287E9B2C6C854D002A8BE0 /* Video.swift in Sources */ = {isa = PBXBuildFile; fileRef = 5B287E9A2C6C854D002A8BE0 /* Video.swift */; };
		5B287E9D2C6C86A8002A8BE0 /* Metadata.swift in Sources */ = {isa = PBXBuildFile; fileRef = 5B287E9C2C6C86A8002A8BE0 /* Metadata.swift */; };
		5B287E9F2C6CFF49002A8BE0 /* UpdateView.swift in Sources */ = {isa = PBXBuildFile; fileRef = 5B287E9E2C6CFF49002A8BE0 /* UpdateView.swift */; };
/* End PBXBuildFile section */

/* Begin PBXContainerItemProxy section */
		5B287E7E2C6C84FA002A8BE0 /* PBXContainerItemProxy */ = {
			isa = PBXContainerItemProxy;
			containerPortal = 5B287E652C6C84F5002A8BE0 /* Project object */;
			proxyType = 1;
			remoteGlobalIDString = 5B287E6C2C6C84F5002A8BE0;
			remoteInfo = SwiftDataSample2;
		};
		5B287E882C6C84FA002A8BE0 /* PBXContainerItemProxy */ = {
			isa = PBXContainerItemProxy;
			containerPortal = 5B287E652C6C84F5002A8BE0 /* Project object */;
			proxyType = 1;
			remoteGlobalIDString = 5B287E6C2C6C84F5002A8BE0;
			remoteInfo = SwiftDataSample2;
		};
/* End PBXContainerItemProxy section */

/* Begin PBXFileReference section */
		5B287E6D2C6C84F5002A8BE0 /* SwiftDataSample2.app */ = {isa = PBXFileReference; explicitFileType = wrapper.application; includeInIndex = 0; path = SwiftDataSample2.app; sourceTree = BUILT_PRODUCTS_DIR; };
		5B287E702C6C84F5002A8BE0 /* SwiftDataSample2App.swift */ = {isa = PBXFileReference; lastKnownFileType = sourcecode.swift; path = SwiftDataSample2App.swift; sourceTree = "<group>"; };
		5B287E722C6C84F5002A8BE0 /* ContentView.swift */ = {isa = PBXFileReference; lastKnownFileType = sourcecode.swift; path = ContentView.swift; sourceTree = "<group>"; };
		5B287E742C6C84F9002A8BE0 /* Assets.xcassets */ = {isa = PBXFileReference; lastKnownFileType = folder.assetcatalog; path = Assets.xcassets; sourceTree = "<group>"; };
		5B287E772C6C84F9002A8BE0 /* Preview Assets.xcassets */ = {isa = PBXFileReference; lastKnownFileType = folder.assetcatalog; path = "Preview Assets.xcassets"; sourceTree = "<group>"; };
		5B287E7D2C6C84FA002A8BE0 /* SwiftDataSample2Tests.xctest */ = {isa = PBXFileReference; explicitFileType = wrapper.cfbundle; includeInIndex = 0; path = SwiftDataSample2Tests.xctest; sourceTree = BUILT_PRODUCTS_DIR; };
		5B287E812C6C84FA002A8BE0 /* SwiftDataSample2Tests.swift */ = {isa = PBXFileReference; lastKnownFileType = sourcecode.swift; path = SwiftDataSample2Tests.swift; sourceTree = "<group>"; };
		5B287E872C6C84FA002A8BE0 /* SwiftDataSample2UITests.xctest */ = {isa = PBXFileReference; explicitFileType = wrapper.cfbundle; includeInIndex = 0; path = SwiftDataSample2UITests.xctest; sourceTree = BUILT_PRODUCTS_DIR; };
		5B287E8B2C6C84FA002A8BE0 /* SwiftDataSample2UITests.swift */ = {isa = PBXFileReference; lastKnownFileType = sourcecode.swift; path = SwiftDataSample2UITests.swift; sourceTree = "<group>"; };
		5B287E8D2C6C84FA002A8BE0 /* SwiftDataSample2UITestsLaunchTests.swift */ = {isa = PBXFileReference; lastKnownFileType = sourcecode.swift; path = SwiftDataSample2UITestsLaunchTests.swift; sourceTree = "<group>"; };
		5B287E9A2C6C854D002A8BE0 /* Video.swift */ = {isa = PBXFileReference; lastKnownFileType = sourcecode.swift; path = Video.swift; sourceTree = "<group>"; };
		5B287E9C2C6C86A8002A8BE0 /* Metadata.swift */ = {isa = PBXFileReference; lastKnownFileType = sourcecode.swift; path = Metadata.swift; sourceTree = "<group>"; };
		5B287E9E2C6CFF49002A8BE0 /* UpdateView.swift */ = {isa = PBXFileReference; lastKnownFileType = sourcecode.swift; path = UpdateView.swift; sourceTree = "<group>"; };
/* End PBXFileReference section */

/* Begin PBXFrameworksBuildPhase section */
		5B287E6A2C6C84F5002A8BE0 /* Frameworks */ = {
			isa = PBXFrameworksBuildPhase;
			buildActionMask = 2147483647;
			files = (
			);
			runOnlyForDeploymentPostprocessing = 0;
		};
		5B287E7A2C6C84FA002A8BE0 /* Frameworks */ = {
			isa = PBXFrameworksBuildPhase;
			buildActionMask = 2147483647;
			files = (
			);
			runOnlyForDeploymentPostprocessing = 0;
		};
		5B287E842C6C84FA002A8BE0 /* Frameworks */ = {
			isa = PBXFrameworksBuildPhase;
			buildActionMask = 2147483647;
			files = (
			);
			runOnlyForDeploymentPostprocessing = 0;
		};
/* End PBXFrameworksBuildPhase section */

/* Begin PBXGroup section */
		5B287E642C6C84F5002A8BE0 = {
			isa = PBXGroup;
			children = (
				5B287E6F2C6C84F5002A8BE0 /* SwiftDataSample2 */,
				5B287E802C6C84FA002A8BE0 /* SwiftDataSample2Tests */,
				5B287E8A2C6C84FA002A8BE0 /* SwiftDataSample2UITests */,
				5B287E6E2C6C84F5002A8BE0 /* Products */,
			);
			sourceTree = "<group>";
		};
		5B287E6E2C6C84F5002A8BE0 /* Products */ = {
			isa = PBXGroup;
			children = (
				5B287E6D2C6C84F5002A8BE0 /* SwiftDataSample2.app */,
				5B287E7D2C6C84FA002A8BE0 /* SwiftDataSample2Tests.xctest */,
				5B287E872C6C84FA002A8BE0 /* SwiftDataSample2UITests.xctest */,
			);
			name = Products;
			sourceTree = "<group>";
		};
		5B287E6F2C6C84F5002A8BE0 /* SwiftDataSample2 */ = {
			isa = PBXGroup;
			children = (
				5B287E702C6C84F5002A8BE0 /* SwiftDataSample2App.swift */,
				5B287E722C6C84F5002A8BE0 /* ContentView.swift */,
				5B287E742C6C84F9002A8BE0 /* Assets.xcassets */,
				5B287E762C6C84F9002A8BE0 /* Preview Content */,
				5B287E9A2C6C854D002A8BE0 /* Video.swift */,
				5B287E9C2C6C86A8002A8BE0 /* Metadata.swift */,
				5B287E9E2C6CFF49002A8BE0 /* UpdateView.swift */,
			);
			path = SwiftDataSample2;
			sourceTree = "<group>";
		};
		5B287E762C6C84F9002A8BE0 /* Preview Content */ = {
			isa = PBXGroup;
			children = (
				5B287E772C6C84F9002A8BE0 /* Preview Assets.xcassets */,
			);
			path = "Preview Content";
			sourceTree = "<group>";
		};
		5B287E802C6C84FA002A8BE0 /* SwiftDataSample2Tests */ = {
			isa = PBXGroup;
			children = (
				5B287E812C6C84FA002A8BE0 /* SwiftDataSample2Tests.swift */,
			);
			path = SwiftDataSample2Tests;
			sourceTree = "<group>";
		};
		5B287E8A2C6C84FA002A8BE0 /* SwiftDataSample2UITests */ = {
			isa = PBXGroup;
			children = (
				5B287E8B2C6C84FA002A8BE0 /* SwiftDataSample2UITests.swift */,
				5B287E8D2C6C84FA002A8BE0 /* SwiftDataSample2UITestsLaunchTests.swift */,
			);
			path = SwiftDataSample2UITests;
			sourceTree = "<group>";
		};
/* End PBXGroup section */

/* Begin PBXNativeTarget section */
		5B287E6C2C6C84F5002A8BE0 /* SwiftDataSample2 */ = {
			isa = PBXNativeTarget;
			buildConfigurationList = 5B287E912C6C84FA002A8BE0 /* Build configuration list for PBXNativeTarget "SwiftDataSample2" */;
			buildPhases = (
				5B287E692C6C84F5002A8BE0 /* Sources */,
				5B287E6A2C6C84F5002A8BE0 /* Frameworks */,
				5B287E6B2C6C84F5002A8BE0 /* Resources */,
			);
			buildRules = (
			);
			dependencies = (
			);
			name = SwiftDataSample2;
			productName = SwiftDataSample2;
			productReference = 5B287E6D2C6C84F5002A8BE0 /* SwiftDataSample2.app */;
			productType = "com.apple.product-type.application";
		};
		5B287E7C2C6C84FA002A8BE0 /* SwiftDataSample2Tests */ = {
			isa = PBXNativeTarget;
			buildConfigurationList = 5B287E942C6C84FA002A8BE0 /* Build configuration list for PBXNativeTarget "SwiftDataSample2Tests" */;
			buildPhases = (
				5B287E792C6C84FA002A8BE0 /* Sources */,
				5B287E7A2C6C84FA002A8BE0 /* Frameworks */,
				5B287E7B2C6C84FA002A8BE0 /* Resources */,
			);
			buildRules = (
			);
			dependencies = (
				5B287E7F2C6C84FA002A8BE0 /* PBXTargetDependency */,
			);
			name = SwiftDataSample2Tests;
			productName = SwiftDataSample2Tests;
			productReference = 5B287E7D2C6C84FA002A8BE0 /* SwiftDataSample2Tests.xctest */;
			productType = "com.apple.product-type.bundle.unit-test";
		};
		5B287E862C6C84FA002A8BE0 /* SwiftDataSample2UITests */ = {
			isa = PBXNativeTarget;
			buildConfigurationList = 5B287E972C6C84FA002A8BE0 /* Build configuration list for PBXNativeTarget "SwiftDataSample2UITests" */;
			buildPhases = (
				5B287E832C6C84FA002A8BE0 /* Sources */,
				5B287E842C6C84FA002A8BE0 /* Frameworks */,
				5B287E852C6C84FA002A8BE0 /* Resources */,
			);
			buildRules = (
			);
			dependencies = (
				5B287E892C6C84FA002A8BE0 /* PBXTargetDependency */,
			);
			name = SwiftDataSample2UITests;
			productName = SwiftDataSample2UITests;
			productReference = 5B287E872C6C84FA002A8BE0 /* SwiftDataSample2UITests.xctest */;
			productType = "com.apple.product-type.bundle.ui-testing";
		};
/* End PBXNativeTarget section */

/* Begin PBXProject section */
		5B287E652C6C84F5002A8BE0 /* Project object */ = {
			isa = PBXProject;
			attributes = {
				BuildIndependentTargetsInParallel = 1;
				LastSwiftUpdateCheck = 1500;
				LastUpgradeCheck = 1500;
				TargetAttributes = {
					5B287E6C2C6C84F5002A8BE0 = {
						CreatedOnToolsVersion = 15.0;
					};
					5B287E7C2C6C84FA002A8BE0 = {
						CreatedOnToolsVersion = 15.0;
						TestTargetID = 5B287E6C2C6C84F5002A8BE0;
					};
					5B287E862C6C84FA002A8BE0 = {
						CreatedOnToolsVersion = 15.0;
						TestTargetID = 5B287E6C2C6C84F5002A8BE0;
					};
				};
			};
			buildConfigurationList = 5B287E682C6C84F5002A8BE0 /* Build configuration list for PBXProject "SwiftDataSample2" */;
			compatibilityVersion = "Xcode 14.0";
			developmentRegion = en;
			hasScannedForEncodings = 0;
			knownRegions = (
				en,
				Base,
			);
			mainGroup = 5B287E642C6C84F5002A8BE0;
			productRefGroup = 5B287E6E2C6C84F5002A8BE0 /* Products */;
			projectDirPath = "";
			projectRoot = "";
			targets = (
				5B287E6C2C6C84F5002A8BE0 /* SwiftDataSample2 */,
				5B287E7C2C6C84FA002A8BE0 /* SwiftDataSample2Tests */,
				5B287E862C6C84FA002A8BE0 /* SwiftDataSample2UITests */,
			);
		};
/* End PBXProject section */

/* Begin PBXResourcesBuildPhase section */
		5B287E6B2C6C84F5002A8BE0 /* Resources */ = {
			isa = PBXResourcesBuildPhase;
			buildActionMask = 2147483647;
			files = (
				5B287E782C6C84F9002A8BE0 /* Preview Assets.xcassets in Resources */,
				5B287E752C6C84F9002A8BE0 /* Assets.xcassets in Resources */,
			);
			runOnlyForDeploymentPostprocessing = 0;
		};
		5B287E7B2C6C84FA002A8BE0 /* Resources */ = {
			isa = PBXResourcesBuildPhase;
			buildActionMask = 2147483647;
			files = (
			);
			runOnlyForDeploymentPostprocessing = 0;
		};
		5B287E852C6C84FA002A8BE0 /* Resources */ = {
			isa = PBXResourcesBuildPhase;
			buildActionMask = 2147483647;
			files = (
			);
			runOnlyForDeploymentPostprocessing = 0;
		};
/* End PBXResourcesBuildPhase section */

/* Begin PBXSourcesBuildPhase section */
		5B287E692C6C84F5002A8BE0 /* Sources */ = {
			isa = PBXSourcesBuildPhase;
			buildActionMask = 2147483647;
			files = (
				5B287E732C6C84F5002A8BE0 /* ContentView.swift in Sources */,
				5B287E9B2C6C854D002A8BE0 /* Video.swift in Sources */,
				5B287E9F2C6CFF49002A8BE0 /* UpdateView.swift in Sources */,
				5B287E9D2C6C86A8002A8BE0 /* Metadata.swift in Sources */,
				5B287E712C6C84F5002A8BE0 /* SwiftDataSample2App.swift in Sources */,
			);
			runOnlyForDeploymentPostprocessing = 0;
		};
		5B287E792C6C84FA002A8BE0 /* Sources */ = {
			isa = PBXSourcesBuildPhase;
			buildActionMask = 2147483647;
			files = (
				5B287E822C6C84FA002A8BE0 /* SwiftDataSample2Tests.swift in Sources */,
			);
			runOnlyForDeploymentPostprocessing = 0;
		};
		5B287E832C6C84FA002A8BE0 /* Sources */ = {
			isa = PBXSourcesBuildPhase;
			buildActionMask = 2147483647;
			files = (
				5B287E8C2C6C84FA002A8BE0 /* SwiftDataSample2UITests.swift in Sources */,
				5B287E8E2C6C84FA002A8BE0 /* SwiftDataSample2UITestsLaunchTests.swift in Sources */,
			);
			runOnlyForDeploymentPostprocessing = 0;
		};
/* End PBXSourcesBuildPhase section */

/* Begin PBXTargetDependency section */
		5B287E7F2C6C84FA002A8BE0 /* PBXTargetDependency */ = {
			isa = PBXTargetDependency;
			target = 5B287E6C2C6C84F5002A8BE0 /* SwiftDataSample2 */;
			targetProxy = 5B287E7E2C6C84FA002A8BE0 /* PBXContainerItemProxy */;
		};
		5B287E892C6C84FA002A8BE0 /* PBXTargetDependency */ = {
			isa = PBXTargetDependency;
			target = 5B287E6C2C6C84F5002A8BE0 /* SwiftDataSample2 */;
			targetProxy = 5B287E882C6C84FA002A8BE0 /* PBXContainerItemProxy */;
		};
/* End PBXTargetDependency section */

/* Begin XCBuildConfiguration section */
		5B287E8F2C6C84FA002A8BE0 /* Debug */ = {
			isa = XCBuildConfiguration;
			buildSettings = {
				ALWAYS_SEARCH_USER_PATHS = NO;
				ASSETCATALOG_COMPILER_GENERATE_SWIFT_ASSET_SYMBOL_EXTENSIONS = YES;
				CLANG_ANALYZER_NONNULL = YES;
				CLANG_ANALYZER_NUMBER_OBJECT_CONVERSION = YES_AGGRESSIVE;
				CLANG_CXX_LANGUAGE_STANDARD = "gnu++20";
				CLANG_ENABLE_MODULES = YES;
				CLANG_ENABLE_OBJC_ARC = YES;
				CLANG_ENABLE_OBJC_WEAK = YES;
				CLANG_WARN_BLOCK_CAPTURE_AUTORELEASING = YES;
				CLANG_WARN_BOOL_CONVERSION = YES;
				CLANG_WARN_COMMA = YES;
				CLANG_WARN_CONSTANT_CONVERSION = YES;
				CLANG_WARN_DEPRECATED_OBJC_IMPLEMENTATIONS = YES;
				CLANG_WARN_DIRECT_OBJC_ISA_USAGE = YES_ERROR;
				CLANG_WARN_DOCUMENTATION_COMMENTS = YES;
				CLANG_WARN_EMPTY_BODY = YES;
				CLANG_WARN_ENUM_CONVERSION = YES;
				CLANG_WARN_INFINITE_RECURSION = YES;
				CLANG_WARN_INT_CONVERSION = YES;
				CLANG_WARN_NON_LITERAL_NULL_CONVERSION = YES;
				CLANG_WARN_OBJC_IMPLICIT_RETAIN_SELF = YES;
				CLANG_WARN_OBJC_LITERAL_CONVERSION = YES;
				CLANG_WARN_OBJC_ROOT_CLASS = YES_ERROR;
				CLANG_WARN_QUOTED_INCLUDE_IN_FRAMEWORK_HEADER = YES;
				CLANG_WARN_RANGE_LOOP_ANALYSIS = YES;
				CLANG_WARN_STRICT_PROTOTYPES = YES;
				CLANG_WARN_SUSPICIOUS_MOVE = YES;
				CLANG_WARN_UNGUARDED_AVAILABILITY = YES_AGGRESSIVE;
				CLANG_WARN_UNREACHABLE_CODE = YES;
				CLANG_WARN__DUPLICATE_METHOD_MATCH = YES;
				COPY_PHASE_STRIP = NO;
				DEBUG_INFORMATION_FORMAT = dwarf;
				ENABLE_STRICT_OBJC_MSGSEND = YES;
				ENABLE_TESTABILITY = YES;
				ENABLE_USER_SCRIPT_SANDBOXING = YES;
				GCC_C_LANGUAGE_STANDARD = gnu17;
				GCC_DYNAMIC_NO_PIC = NO;
				GCC_NO_COMMON_BLOCKS = YES;
				GCC_OPTIMIZATION_LEVEL = 0;
				GCC_PREPROCESSOR_DEFINITIONS = (
					"DEBUG=1",
					"$(inherited)",
				);
				GCC_WARN_64_TO_32_BIT_CONVERSION = YES;
				GCC_WARN_ABOUT_RETURN_TYPE = YES_ERROR;
				GCC_WARN_UNDECLARED_SELECTOR = YES;
				GCC_WARN_UNINITIALIZED_AUTOS = YES_AGGRESSIVE;
				GCC_WARN_UNUSED_FUNCTION = YES;
				GCC_WARN_UNUSED_VARIABLE = YES;
				IPHONEOS_DEPLOYMENT_TARGET = 17.0;
				LOCALIZATION_PREFERS_STRING_CATALOGS = YES;
				MTL_ENABLE_DEBUG_INFO = INCLUDE_SOURCE;
				MTL_FAST_MATH = YES;
				ONLY_ACTIVE_ARCH = YES;
				SDKROOT = iphoneos;
				SWIFT_ACTIVE_COMPILATION_CONDITIONS = "DEBUG $(inherited)";
				SWIFT_OPTIMIZATION_LEVEL = "-Onone";
			};
			name = Debug;
		};
		5B287E902C6C84FA002A8BE0 /* Release */ = {
			isa = XCBuildConfiguration;
			buildSettings = {
				ALWAYS_SEARCH_USER_PATHS = NO;
				ASSETCATALOG_COMPILER_GENERATE_SWIFT_ASSET_SYMBOL_EXTENSIONS = YES;
				CLANG_ANALYZER_NONNULL = YES;
				CLANG_ANALYZER_NUMBER_OBJECT_CONVERSION = YES_AGGRESSIVE;
				CLANG_CXX_LANGUAGE_STANDARD = "gnu++20";
				CLANG_ENABLE_MODULES = YES;
				CLANG_ENABLE_OBJC_ARC = YES;
				CLANG_ENABLE_OBJC_WEAK = YES;
				CLANG_WARN_BLOCK_CAPTURE_AUTORELEASING = YES;
				CLANG_WARN_BOOL_CONVERSION = YES;
				CLANG_WARN_COMMA = YES;
				CLANG_WARN_CONSTANT_CONVERSION = YES;
				CLANG_WARN_DEPRECATED_OBJC_IMPLEMENTATIONS = YES;
				CLANG_WARN_DIRECT_OBJC_ISA_USAGE = YES_ERROR;
				CLANG_WARN_DOCUMENTATION_COMMENTS = YES;
				CLANG_WARN_EMPTY_BODY = YES;
				CLANG_WARN_ENUM_CONVERSION = YES;
				CLANG_WARN_INFINITE_RECURSION = YES;
				CLANG_WARN_INT_CONVERSION = YES;
				CLANG_WARN_NON_LITERAL_NULL_CONVERSION = YES;
				CLANG_WARN_OBJC_IMPLICIT_RETAIN_SELF = YES;
				CLANG_WARN_OBJC_LITERAL_CONVERSION = YES;
				CLANG_WARN_OBJC_ROOT_CLASS = YES_ERROR;
				CLANG_WARN_QUOTED_INCLUDE_IN_FRAMEWORK_HEADER = YES;
				CLANG_WARN_RANGE_LOOP_ANALYSIS = YES;
				CLANG_WARN_STRICT_PROTOTYPES = YES;
				CLANG_WARN_SUSPICIOUS_MOVE = YES;
				CLANG_WARN_UNGUARDED_AVAILABILITY = YES_AGGRESSIVE;
				CLANG_WARN_UNREACHABLE_CODE = YES;
				CLANG_WARN__DUPLICATE_METHOD_MATCH = YES;
				COPY_PHASE_STRIP = NO;
				DEBUG_INFORMATION_FORMAT = "dwarf-with-dsym";
				ENABLE_NS_ASSERTIONS = NO;
				ENABLE_STRICT_OBJC_MSGSEND = YES;
				ENABLE_USER_SCRIPT_SANDBOXING = YES;
				GCC_C_LANGUAGE_STANDARD = gnu17;
				GCC_NO_COMMON_BLOCKS = YES;
				GCC_WARN_64_TO_32_BIT_CONVERSION = YES;
				GCC_WARN_ABOUT_RETURN_TYPE = YES_ERROR;
				GCC_WARN_UNDECLARED_SELECTOR = YES;
				GCC_WARN_UNINITIALIZED_AUTOS = YES_AGGRESSIVE;
				GCC_WARN_UNUSED_FUNCTION = YES;
				GCC_WARN_UNUSED_VARIABLE = YES;
				IPHONEOS_DEPLOYMENT_TARGET = 17.0;
				LOCALIZATION_PREFERS_STRING_CATALOGS = YES;
				MTL_ENABLE_DEBUG_INFO = NO;
				MTL_FAST_MATH = YES;
				SDKROOT = iphoneos;
				SWIFT_COMPILATION_MODE = wholemodule;
				VALIDATE_PRODUCT = YES;
			};
			name = Release;
		};
		5B287E922C6C84FA002A8BE0 /* Debug */ = {
			isa = XCBuildConfiguration;
			buildSettings = {
				ASSETCATALOG_COMPILER_APPICON_NAME = AppIcon;
				ASSETCATALOG_COMPILER_GLOBAL_ACCENT_COLOR_NAME = AccentColor;
				CODE_SIGN_STYLE = Automatic;
				CURRENT_PROJECT_VERSION = 1;
				DEVELOPMENT_ASSET_PATHS = "\"SwiftDataSample2/Preview Content\"";
				ENABLE_PREVIEWS = YES;
				GENERATE_INFOPLIST_FILE = YES;
				INFOPLIST_KEY_UIApplicationSceneManifest_Generation = YES;
				INFOPLIST_KEY_UIApplicationSupportsIndirectInputEvents = YES;
				INFOPLIST_KEY_UILaunchScreen_Generation = YES;
				INFOPLIST_KEY_UISupportedInterfaceOrientations_iPad = "UIInterfaceOrientationPortrait UIInterfaceOrientationPortraitUpsideDown UIInterfaceOrientationLandscapeLeft UIInterfaceOrientationLandscapeRight";
				INFOPLIST_KEY_UISupportedInterfaceOrientations_iPhone = "UIInterfaceOrientationPortrait UIInterfaceOrientationLandscapeLeft UIInterfaceOrientationLandscapeRight";
				LD_RUNPATH_SEARCH_PATHS = (
					"$(inherited)",
					"@executable_path/Frameworks",
				);
				MARKETING_VERSION = 1.0;
				PRODUCT_BUNDLE_IDENTIFIER = erns.SwiftDataSample2;
				PRODUCT_NAME = "$(TARGET_NAME)";
				SWIFT_EMIT_LOC_STRINGS = YES;
				SWIFT_VERSION = 5.0;
				TARGETED_DEVICE_FAMILY = "1,2";
			};
			name = Debug;
		};
		5B287E932C6C84FA002A8BE0 /* Release */ = {
			isa = XCBuildConfiguration;
			buildSettings = {
				ASSETCATALOG_COMPILER_APPICON_NAME = AppIcon;
				ASSETCATALOG_COMPILER_GLOBAL_ACCENT_COLOR_NAME = AccentColor;
				CODE_SIGN_STYLE = Automatic;
				CURRENT_PROJECT_VERSION = 1;
				DEVELOPMENT_ASSET_PATHS = "\"SwiftDataSample2/Preview Content\"";
				ENABLE_PREVIEWS = YES;
				GENERATE_INFOPLIST_FILE = YES;
				INFOPLIST_KEY_UIApplicationSceneManifest_Generation = YES;
				INFOPLIST_KEY_UIApplicationSupportsIndirectInputEvents = YES;
				INFOPLIST_KEY_UILaunchScreen_Generation = YES;
				INFOPLIST_KEY_UISupportedInterfaceOrientations_iPad = "UIInterfaceOrientationPortrait UIInterfaceOrientationPortraitUpsideDown UIInterfaceOrientationLandscapeLeft UIInterfaceOrientationLandscapeRight";
				INFOPLIST_KEY_UISupportedInterfaceOrientations_iPhone = "UIInterfaceOrientationPortrait UIInterfaceOrientationLandscapeLeft UIInterfaceOrientationLandscapeRight";
				LD_RUNPATH_SEARCH_PATHS = (
					"$(inherited)",
					"@executable_path/Frameworks",
				);
				MARKETING_VERSION = 1.0;
				PRODUCT_BUNDLE_IDENTIFIER = erns.SwiftDataSample2;
				PRODUCT_NAME = "$(TARGET_NAME)";
				SWIFT_EMIT_LOC_STRINGS = YES;
				SWIFT_VERSION = 5.0;
				TARGETED_DEVICE_FAMILY = "1,2";
			};
			name = Release;
		};
		5B287E952C6C84FA002A8BE0 /* Debug */ = {
			isa = XCBuildConfiguration;
			buildSettings = {
				ALWAYS_EMBED_SWIFT_STANDARD_LIBRARIES = YES;
				BUNDLE_LOADER = "$(TEST_HOST)";
				CODE_SIGN_STYLE = Automatic;
				CURRENT_PROJECT_VERSION = 1;
				GENERATE_INFOPLIST_FILE = YES;
				IPHONEOS_DEPLOYMENT_TARGET = 17.0;
				MARKETING_VERSION = 1.0;
				PRODUCT_BUNDLE_IDENTIFIER = erns.SwiftDataSample2Tests;
				PRODUCT_NAME = "$(TARGET_NAME)";
				SWIFT_EMIT_LOC_STRINGS = NO;
				SWIFT_VERSION = 5.0;
				TARGETED_DEVICE_FAMILY = "1,2";
				TEST_HOST = "$(BUILT_PRODUCTS_DIR)/SwiftDataSample2.app/$(BUNDLE_EXECUTABLE_FOLDER_PATH)/SwiftDataSample2";
			};
			name = Debug;
		};
		5B287E962C6C84FA002A8BE0 /* Release */ = {
			isa = XCBuildConfiguration;
			buildSettings = {
				ALWAYS_EMBED_SWIFT_STANDARD_LIBRARIES = YES;
				BUNDLE_LOADER = "$(TEST_HOST)";
				CODE_SIGN_STYLE = Automatic;
				CURRENT_PROJECT_VERSION = 1;
				GENERATE_INFOPLIST_FILE = YES;
				IPHONEOS_DEPLOYMENT_TARGET = 17.0;
				MARKETING_VERSION = 1.0;
				PRODUCT_BUNDLE_IDENTIFIER = erns.SwiftDataSample2Tests;
				PRODUCT_NAME = "$(TARGET_NAME)";
				SWIFT_EMIT_LOC_STRINGS = NO;
				SWIFT_VERSION = 5.0;
				TARGETED_DEVICE_FAMILY = "1,2";
				TEST_HOST = "$(BUILT_PRODUCTS_DIR)/SwiftDataSample2.app/$(BUNDLE_EXECUTABLE_FOLDER_PATH)/SwiftDataSample2";
			};
			name = Release;
		};
		5B287E982C6C84FA002A8BE0 /* Debug */ = {
			isa = XCBuildConfiguration;
			buildSettings = {
				ALWAYS_EMBED_SWIFT_STANDARD_LIBRARIES = YES;
				CODE_SIGN_STYLE = Automatic;
				CURRENT_PROJECT_VERSION = 1;
				GENERATE_INFOPLIST_FILE = YES;
				MARKETING_VERSION = 1.0;
				PRODUCT_BUNDLE_IDENTIFIER = erns.SwiftDataSample2UITests;
				PRODUCT_NAME = "$(TARGET_NAME)";
				SWIFT_EMIT_LOC_STRINGS = NO;
				SWIFT_VERSION = 5.0;
				TARGETED_DEVICE_FAMILY = "1,2";
				TEST_TARGET_NAME = SwiftDataSample2;
			};
			name = Debug;
		};
		5B287E992C6C84FA002A8BE0 /* Release */ = {
			isa = XCBuildConfiguration;
			buildSettings = {
				ALWAYS_EMBED_SWIFT_STANDARD_LIBRARIES = YES;
				CODE_SIGN_STYLE = Automatic;
				CURRENT_PROJECT_VERSION = 1;
				GENERATE_INFOPLIST_FILE = YES;
				MARKETING_VERSION = 1.0;
				PRODUCT_BUNDLE_IDENTIFIER = erns.SwiftDataSample2UITests;
				PRODUCT_NAME = "$(TARGET_NAME)";
				SWIFT_EMIT_LOC_STRINGS = NO;
				SWIFT_VERSION = 5.0;
				TARGETED_DEVICE_FAMILY = "1,2";
				TEST_TARGET_NAME = SwiftDataSample2;
			};
			name = Release;
		};
/* End XCBuildConfiguration section */

/* Begin XCConfigurationList section */
		5B287E682C6C84F5002A8BE0 /* Build configuration list for PBXProject "SwiftDataSample2" */ = {
			isa = XCConfigurationList;
			buildConfigurations = (
				5B287E8F2C6C84FA002A8BE0 /* Debug */,
				5B287E902C6C84FA002A8BE0 /* Release */,
			);
			defaultConfigurationIsVisible = 0;
			defaultConfigurationName = Release;
		};
		5B287E912C6C84FA002A8BE0 /* Build configuration list for PBXNativeTarget "SwiftDataSample2" */ = {
			isa = XCConfigurationList;
			buildConfigurations = (
				5B287E922C6C84FA002A8BE0 /* Debug */,
				5B287E932C6C84FA002A8BE0 /* Release */,
			);
			defaultConfigurationIsVisible = 0;
			defaultConfigurationName = Release;
		};
		5B287E942C6C84FA002A8BE0 /* Build configuration list for PBXNativeTarget "SwiftDataSample2Tests" */ = {
			isa = XCConfigurationList;
			buildConfigurations = (
				5B287E952C6C84FA002A8BE0 /* Debug */,
				5B287E962C6C84FA002A8BE0 /* Release */,
			);
			defaultConfigurationIsVisible = 0;
			defaultConfigurationName = Release;
		};
		5B287E972C6C84FA002A8BE0 /* Build configuration list for PBXNativeTarget "SwiftDataSample2UITests" */ = {
			isa = XCConfigurationList;
			buildConfigurations = (
				5B287E982C6C84FA002A8BE0 /* Debug */,
				5B287E992C6C84FA002A8BE0 /* Release */,
			);
			defaultConfigurationIsVisible = 0;
			defaultConfigurationName = Release;
		};
/* End XCConfigurationList section */
	};
	rootObject = 5B287E652C6C84F5002A8BE0 /* Project object */;
}
